{
  "name": "pess",
  "version": "1.0.0",
  "lockfileVersion": 2,
  "requires": true,
  "packages": {
    "": {
      "name": "pess",
      "version": "1.0.0",
      "license": "ISC"
    },
    "node_modules/registry.npmjs.org": {
      "version": "1.0.1",
      "resolved": "https://registry.npmjs.org/registry.npmjs.org/-/registry.npmjs.org-1.0.1.tgz",
      "integrity": "sha1-AUmEeJbFuGMaI/74E4CvpaZS/q4="
    }
  },
  "dependencies": {
    "registry.npmjs.org": {
      "version": "https://registry.npmjs.org/registry.npmjs.org/-/registry.npmjs.org-1.0.1.tgz",
      "integrity": "sha1-AUmEeJbFuGMaI/74E4CvpaZS/q4="
    }
  }
}
